// !$*UTF8*$!
{
	archiveVersion = 1;
	classes = {
	};
	objectVersion = 56;
	objects = {

/* Begin PBXBuildFile section */
		DBECEE322AB9AAD50044E1ED /* AppDelegate.swift in Sources */ = {isa = PBXBuildFile; fileRef = DBECEE312AB9AAD50044E1ED /* AppDelegate.swift */; };
		DBECEE3B2AB9AAD70044E1ED /* Assets.xcassets in Resources */ = {isa = PBXBuildFile; fileRef = DBECEE3A2AB9AAD70044E1ED /* Assets.xcassets */; };
		DBECEE3E2AB9AAD70044E1ED /* LaunchScreen.storyboard in Resources */ = {isa = PBXBuildFile; fileRef = DBECEE3C2AB9AAD70044E1ED /* LaunchScreen.storyboard */; };
		DBECEE492AB9ABBD0044E1ED /* ArSceneView.swift in Sources */ = {isa = PBXBuildFile; fileRef = DBECEE472AB9ABBD0044E1ED /* ArSceneView.swift */; };
		DBECEE4A2AB9ABBD0044E1ED /* ArSceneView.xib in Resources */ = {isa = PBXBuildFile; fileRef = DBECEE482AB9ABBD0044E1ED /* ArSceneView.xib */; };
		DBECEE4D2AB9AD9C0044E1ED /* Coordinator.swift in Sources */ = {isa = PBXBuildFile; fileRef = DBECEE4C2AB9AD9C0044E1ED /* Coordinator.swift */; };
/* End PBXBuildFile section */

/* Begin PBXFileReference section */
		DBECEE2E2AB9AAD50044E1ED /* FaceDetectionARKit.app */ = {isa = PBXFileReference; explicitFileType = wrapper.application; includeInIndex = 0; path = FaceDetectionARKit.app; sourceTree = BUILT_PRODUCTS_DIR; };
		DBECEE312AB9AAD50044E1ED /* AppDelegate.swift */ = {isa = PBXFileReference; lastKnownFileType = sourcecode.swift; path = AppDelegate.swift; sourceTree = "<group>"; };
		DBECEE3A2AB9AAD70044E1ED /* Assets.xcassets */ = {isa = PBXFileReference; lastKnownFileType = folder.assetcatalog; path = Assets.xcassets; sourceTree = "<group>"; };
		DBECEE3D2AB9AAD70044E1ED /* Base */ = {isa = PBXFileReference; lastKnownFileType = file.storyboard; name = Base; path = Base.lproj/LaunchScreen.storyboard; sourceTree = "<group>"; };
		DBECEE3F2AB9AAD70044E1ED /* Info.plist */ = {isa = PBXFileReference; lastKnownFileType = text.plist.xml; path = Info.plist; sourceTree = "<group>"; };
		DBECEE472AB9ABBD0044E1ED /* ArSceneView.swift */ = {isa = PBXFileReference; lastKnownFileType = sourcecode.swift; path = ArSceneView.swift; sourceTree = "<group>"; };
		DBECEE482AB9ABBD0044E1ED /* ArSceneView.xib */ = {isa = PBXFileReference; lastKnownFileType = file.xib; path = ArSceneView.xib; sourceTree = "<group>"; };
		DBECEE4C2AB9AD9C0044E1ED /* Coordinator.swift */ = {isa = PBXFileReference; lastKnownFileType = sourcecode.swift; path = Coordinator.swift; sourceTree = "<group>"; };
/* End PBXFileReference section */

/* Begin PBXFrameworksBuildPhase section */
		DBECEE2B2AB9AAD50044E1ED /* Frameworks */ = {
			isa = PBXFrameworksBuildPhase;
			buildActionMask = 2147483647;
			files = (
			);
			runOnlyForDeploymentPostprocessing = 0;
		};
/* End PBXFrameworksBuildPhase section */

/* Begin PBXGroup section */
		DBECEE252AB9AAD50044E1ED = {
			isa = PBXGroup;
			children = (
				DBECEE302AB9AAD50044E1ED /* FaceDetectionARKit */,
				DBECEE2F2AB9AAD50044E1ED /* Products */,
			);
			sourceTree = "<group>";
		};
		DBECEE2F2AB9AAD50044E1ED /* Products */ = {
			isa = PBXGroup;
			children = (
				DBECEE2E2AB9AAD50044E1ED /* FaceDetectionARKit.app */,
			);
			name = Products;
			sourceTree = "<group>";
		};
		DBECEE302AB9AAD50044E1ED /* FaceDetectionARKit */ = {
			isa = PBXGroup;
			children = (
				DBECEE4B2AB9AD480044E1ED /* Coordinator */,
				DBECEE462AB9AB530044E1ED /* Views */,
				DBECEE452AB9AB4B0044E1ED /* Support */,
				DBECEE3A2AB9AAD70044E1ED /* Assets.xcassets */,
				DBECEE3F2AB9AAD70044E1ED /* Info.plist */,
			);
			path = FaceDetectionARKit;
			sourceTree = "<group>";
		};
		DBECEE452AB9AB4B0044E1ED /* Support */ = {
			isa = PBXGroup;
			children = (
				DBECEE312AB9AAD50044E1ED /* AppDelegate.swift */,
				DBECEE3C2AB9AAD70044E1ED /* LaunchScreen.storyboard */,
			);
			path = Support;
			sourceTree = "<group>";
		};
		DBECEE462AB9AB530044E1ED /* Views */ = {
			isa = PBXGroup;
			children = (
				DBECEE472AB9ABBD0044E1ED /* ArSceneView.swift */,
				DBECEE482AB9ABBD0044E1ED /* ArSceneView.xib */,
			);
			path = Views;
			sourceTree = "<group>";
		};
		DBECEE4B2AB9AD480044E1ED /* Coordinator */ = {
			isa = PBXGroup;
			children = (
				DBECEE4C2AB9AD9C0044E1ED /* Coordinator.swift */,
			);
			path = Coordinator;
			sourceTree = "<group>";
		};
/* End PBXGroup section */

/* Begin PBXNativeTarget section */
		DBECEE2D2AB9AAD50044E1ED /* FaceDetectionARKit */ = {
			isa = PBXNativeTarget;
			buildConfigurationList = DBECEE422AB9AAD70044E1ED /* Build configuration list for PBXNativeTarget "FaceDetectionARKit" */;
			buildPhases = (
				DBECEE2A2AB9AAD50044E1ED /* Sources */,
				DBECEE2B2AB9AAD50044E1ED /* Frameworks */,
				DBECEE2C2AB9AAD50044E1ED /* Resources */,
			);
			buildRules = (
			);
			dependencies = (
			);
			name = FaceDetectionARKit;
			productName = FaceDetectionARKit;
			productReference = DBECEE2E2AB9AAD50044E1ED /* FaceDetectionARKit.app */;
			productType = "com.apple.product-type.application";
		};
/* End PBXNativeTarget section */

/* Begin PBXProject section */
		DBECEE262AB9AAD50044E1ED /* Project object */ = {
			isa = PBXProject;
			attributes = {
				BuildIndependentTargetsInParallel = 1;
				LastSwiftUpdateCheck = 1430;
				LastUpgradeCheck = 1430;
				TargetAttributes = {
					DBECEE2D2AB9AAD50044E1ED = {
						CreatedOnToolsVersion = 14.3;
					};
				};
			};
			buildConfigurationList = DBECEE292AB9AAD50044E1ED /* Build configuration list for PBXProject "FaceDetectionARKit" */;
			compatibilityVersion = "Xcode 14.0";
			developmentRegion = en;
			hasScannedForEncodings = 0;
			knownRegions = (
				en,
				Base,
			);
			mainGroup = DBECEE252AB9AAD50044E1ED;
			productRefGroup = DBECEE2F2AB9AAD50044E1ED /* Products */;
			projectDirPath = "";
			projectRoot = "";
			targets = (
				DBECEE2D2AB9AAD50044E1ED /* FaceDetectionARKit */,
			);
		};
/* End PBXProject section */

/* Begin PBXResourcesBuildPhase section */
		DBECEE2C2AB9AAD50044E1ED /* Resources */ = {
			isa = PBXResourcesBuildPhase;
			buildActionMask = 2147483647;
			files = (
				DBECEE3E2AB9AAD70044E1ED /* LaunchScreen.storyboard in Resources */,
				DBECEE4A2AB9ABBD0044E1ED /* ArSceneView.xib in Resources */,
				DBECEE3B2AB9AAD70044E1ED /* Assets.xcassets in Resources */,
			);
			runOnlyForDeploymentPostprocessing = 0;
		};
/* End PBXResourcesBuildPhase section */

/* Begin PBXSourcesBuildPhase section */
		DBECEE2A2AB9AAD50044E1ED /* Sources */ = {
			isa = PBXSourcesBuildPhase;
			buildActionMask = 2147483647;
			files = (
				DBECEE492AB9ABBD0044E1ED /* ArSceneView.swift in Sources */,
				DBECEE322AB9AAD50044E1ED /* AppDelegate.swift in Sources */,
				DBECEE4D2AB9AD9C0044E1ED /* Coordinator.swift in Sources */,
			);
			runOnlyForDeploymentPostprocessing = 0;
		};
/* End PBXSourcesBuildPhase section */

/* Begin PBXVariantGroup section */
		DBECEE3C2AB9AAD70044E1ED /* LaunchScreen.storyboard */ = {
			isa = PBXVariantGroup;
			children = (
				DBECEE3D2AB9AAD70044E1ED /* Base */,
			);
			name = LaunchScreen.storyboard;
			sourceTree = "<group>";
		};
/* End PBXVariantGroup section */

/* Begin XCBuildConfiguration section */
		DBECEE402AB9AAD70044E1ED /* Debug */ = {
			isa = XCBuildConfiguration;
			buildSettings = {
				ALWAYS_SEARCH_USER_PATHS = NO;
				CLANG_ANALYZER_NONNULL = YES;
				CLANG_ANALYZER_NUMBER_OBJECT_CONVERSION = YES_AGGRESSIVE;
				CLANG_CXX_LANGUAGE_STANDARD = "gnu++20";
				CLANG_ENABLE_MODULES = YES;
				CLANG_ENABLE_OBJC_ARC = YES;
				CLANG_ENABLE_OBJC_WEAK = YES;
				CLANG_WARN_BLOCK_CAPTURE_AUTORELEASING = YES;
				CLANG_WARN_BOOL_CONVERSION = YES;
				CLANG_WARN_COMMA = YES;
				CLANG_WARN_CONSTANT_CONVERSION = YES;
				CLANG_WARN_DEPRECATED_OBJC_IMPLEMENTATIONS = YES;
				CLANG_WARN_DIRECT_OBJC_ISA_USAGE = YES_ERROR;
				CLANG_WARN_DOCUMENTATION_COMMENTS = YES;
				CLANG_WARN_EMPTY_BODY = YES;
				CLANG_WARN_ENUM_CONVERSION = YES;
				CLANG_WARN_INFINITE_RECURSION = YES;
				CLANG_WARN_INT_CONVERSION = YES;
				CLANG_WARN_NON_LITERAL_NULL_CONVERSION = YES;
				CLANG_WARN_OBJC_IMPLICIT_RETAIN_SELF = YES;
				CLANG_WARN_OBJC_LITERAL_CONVERSION = YES;
				CLANG_WARN_OBJC_ROOT_CLASS = YES_ERROR;
				CLANG_WARN_QUOTED_INCLUDE_IN_FRAMEWORK_HEADER = YES;
				CLANG_WARN_RANGE_LOOP_ANALYSIS = YES;
				CLANG_WARN_STRICT_PROTOTYPES = YES;
				CLANG_WARN_SUSPICIOUS_MOVE = YES;
				CLANG_WARN_UNGUARDED_AVAILABILITY = YES_AGGRESSIVE;
				CLANG_WARN_UNREACHABLE_CODE = YES;
				CLANG_WARN__DUPLICATE_METHOD_MATCH = YES;
				COPY_PHASE_STRIP = NO;
				DEBUG_INFORMATION_FORMAT = dwarf;
				ENABLE_STRICT_OBJC_MSGSEND = YES;
				ENABLE_TESTABILITY = YES;
				GCC_C_LANGUAGE_STANDARD = gnu11;
				GCC_DYNAMIC_NO_PIC = NO;
				GCC_NO_COMMON_BLOCKS = YES;
				GCC_OPTIMIZATION_LEVEL = 0;
				GCC_PREPROCESSOR_DEFINITIONS = (
					"DEBUG=1",
					"$(inherited)",
				);
				GCC_WARN_64_TO_32_BIT_CONVERSION = YES;
				GCC_WARN_ABOUT_RETURN_TYPE = YES_ERROR;
				GCC_WARN_UNDECLARED_SELECTOR = YES;
				GCC_WARN_UNINITIALIZED_AUTOS = YES_AGGRESSIVE;
				GCC_WARN_UNUSED_FUNCTION = YES;
				GCC_WARN_UNUSED_VARIABLE = YES;
				IPHONEOS_DEPLOYMENT_TARGET = 12.0;
				MTL_ENABLE_DEBUG_INFO = INCLUDE_SOURCE;
				MTL_FAST_MATH = YES;
				ONLY_ACTIVE_ARCH = YES;
				SDKROOT = iphoneos;
				SWIFT_ACTIVE_COMPILATION_CONDITIONS = DEBUG;
				SWIFT_OPTIMIZATION_LEVEL = "-Onone";
			};
			name = Debug;
		};
		DBECEE412AB9AAD70044E1ED /* Release */ = {
			isa = XCBuildConfiguration;
			buildSettings = {
				ALWAYS_SEARCH_USER_PATHS = NO;
				CLANG_ANALYZER_NONNULL = YES;
				CLANG_ANALYZER_NUMBER_OBJECT_CONVERSION = YES_AGGRESSIVE;
				CLANG_CXX_LANGUAGE_STANDARD = "gnu++20";
				CLANG_ENABLE_MODULES = YES;
				CLANG_ENABLE_OBJC_ARC = YES;
				CLANG_ENABLE_OBJC_WEAK = YES;
				CLANG_WARN_BLOCK_CAPTURE_AUTORELEASING = YES;
				CLANG_WARN_BOOL_CONVERSION = YES;
				CLANG_WARN_COMMA = YES;
				CLANG_WARN_CONSTANT_CONVERSION = YES;
				CLANG_WARN_DEPRECATED_OBJC_IMPLEMENTATIONS = YES;
				CLANG_WARN_DIRECT_OBJC_ISA_USAGE = YES_ERROR;
				CLANG_WARN_DOCUMENTATION_COMMENTS = YES;
				CLANG_WARN_EMPTY_BODY = YES;
				CLANG_WARN_ENUM_CONVERSION = YES;
				CLANG_WARN_INFINITE_RECURSION = YES;
				CLANG_WARN_INT_CONVERSION = YES;
				CLANG_WARN_NON_LITERAL_NULL_CONVERSION = YES;
				CLANG_WARN_OBJC_IMPLICIT_RETAIN_SELF = YES;
				CLANG_WARN_OBJC_LITERAL_CONVERSION = YES;
				CLANG_WARN_OBJC_ROOT_CLASS = YES_ERROR;
				CLANG_WARN_QUOTED_INCLUDE_IN_FRAMEWORK_HEADER = YES;
				CLANG_WARN_RANGE_LOOP_ANALYSIS = YES;
				CLANG_WARN_STRICT_PROTOTYPES = YES;
				CLANG_WARN_SUSPICIOUS_MOVE = YES;
				CLANG_WARN_UNGUARDED_AVAILABILITY = YES_AGGRESSIVE;
				CLANG_WARN_UNREACHABLE_CODE = YES;
				CLANG_WARN__DUPLICATE_METHOD_MATCH = YES;
				COPY_PHASE_STRIP = NO;
				DEBUG_INFORMATION_FORMAT = "dwarf-with-dsym";
				ENABLE_NS_ASSERTIONS = NO;
				ENABLE_STRICT_OBJC_MSGSEND = YES;
				GCC_C_LANGUAGE_STANDARD = gnu11;
				GCC_NO_COMMON_BLOCKS = YES;
				GCC_WARN_64_TO_32_BIT_CONVERSION = YES;
				GCC_WARN_ABOUT_RETURN_TYPE = YES_ERROR;
				GCC_WARN_UNDECLARED_SELECTOR = YES;
				GCC_WARN_UNINITIALIZED_AUTOS = YES_AGGRESSIVE;
				GCC_WARN_UNUSED_FUNCTION = YES;
				GCC_WARN_UNUSED_VARIABLE = YES;
				IPHONEOS_DEPLOYMENT_TARGET = 12.0;
				MTL_ENABLE_DEBUG_INFO = NO;
				MTL_FAST_MATH = YES;
				SDKROOT = iphoneos;
				SWIFT_COMPILATION_MODE = wholemodule;
				SWIFT_OPTIMIZATION_LEVEL = "-O";
				VALIDATE_PRODUCT = YES;
			};
			name = Release;
		};
		DBECEE432AB9AAD70044E1ED /* Debug */ = {
			isa = XCBuildConfiguration;
			buildSettings = {
				ASSETCATALOG_COMPILER_APPICON_NAME = AppIcon;
				ASSETCATALOG_COMPILER_GLOBAL_ACCENT_COLOR_NAME = AccentColor;
				CODE_SIGN_STYLE = Automatic;
				CURRENT_PROJECT_VERSION = 1;
				DEVELOPMENT_TEAM = 9ZR69YFKY4;
				GENERATE_INFOPLIST_FILE = YES;
				INFOPLIST_FILE = FaceDetectionARKit/Info.plist;
				INFOPLIST_KEY_UIApplicationSupportsIndirectInputEvents = YES;
				INFOPLIST_KEY_UILaunchStoryboardName = LaunchScreen;
				INFOPLIST_KEY_UISupportedInterfaceOrientations_iPad = "UIInterfaceOrientationPortrait UIInterfaceOrientationPortraitUpsideDown UIInterfaceOrientationLandscapeLeft UIInterfaceOrientationLandscapeRight";
				INFOPLIST_KEY_UISupportedInterfaceOrientations_iPhone = "UIInterfaceOrientationPortrait UIInterfaceOrientationLandscapeLeft UIInterfaceOrientationLandscapeRight";
				LD_RUNPATH_SEARCH_PATHS = (
					"$(inherited)",
					"@executable_path/Frameworks",
				);
				MARKETING_VERSION = 1.0;
				PRODUCT_BUNDLE_IDENTIFIER = serkankara.FaceDetectionARKit;
				PRODUCT_NAME = "$(TARGET_NAME)";
				SWIFT_EMIT_LOC_STRINGS = YES;
				SWIFT_VERSION = 5.0;
				TARGETED_DEVICE_FAMILY = "1,2";
			};
			name = Debug;
		};
		DBECEE442AB9AAD70044E1ED /* Release */ = {
			isa = XCBuildConfiguration;
			buildSettings = {
				ASSETCATALOG_COMPILER_APPICON_NAME = AppIcon;
				ASSETCATALOG_COMPILER_GLOBAL_ACCENT_COLOR_NAME = AccentColor;
				CODE_SIGN_STYLE = Automatic;
				CURRENT_PROJECT_VERSION = 1;
				DEVELOPMENT_TEAM = 9ZR69YFKY4;
				GENERATE_INFOPLIST_FILE = YES;
				INFOPLIST_FILE = FaceDetectionARKit/Info.plist;
				INFOPLIST_KEY_UIApplicationSupportsIndirectInputEvents = YES;
				INFOPLIST_KEY_UILaunchStoryboardName = LaunchScreen;
				INFOPLIST_KEY_UISupportedInterfaceOrientations_iPad = "UIInterfaceOrientationPortrait UIInterfaceOrientationPortraitUpsideDown UIInterfaceOrientationLandscapeLeft UIInterfaceOrientationLandscapeRight";
				INFOPLIST_KEY_UISupportedInterfaceOrientations_iPhone = "UIInterfaceOrientationPortrait UIInterfaceOrientationLandscapeLeft UIInterfaceOrientationLandscapeRight";
				LD_RUNPATH_SEARCH_PATHS = (
					"$(inherited)",
					"@executable_path/Frameworks",
				);
				MARKETING_VERSION = 1.0;
				PRODUCT_BUNDLE_IDENTIFIER = serkankara.FaceDetectionARKit;
				PRODUCT_NAME = "$(TARGET_NAME)";
				SWIFT_EMIT_LOC_STRINGS = YES;
				SWIFT_VERSION = 5.0;
				TARGETED_DEVICE_FAMILY = "1,2";
			};
			name = Release;
		};
/* End XCBuildConfiguration section */

/* Begin XCConfigurationList section */
		DBECEE292AB9AAD50044E1ED /* Build configuration list for PBXProject "FaceDetectionARKit" */ = {
			isa = XCConfigurationList;
			buildConfigurations = (
				DBECEE402AB9AAD70044E1ED /* Debug */,
				DBECEE412AB9AAD70044E1ED /* Release */,
			);
			defaultConfigurationIsVisible = 0;
			defaultConfigurationName = Release;
		};
		DBECEE422AB9AAD70044E1ED /* Build configuration list for PBXNativeTarget "FaceDetectionARKit" */ = {
			isa = XCConfigurationList;
			buildConfigurations = (
				DBECEE432AB9AAD70044E1ED /* Debug */,
				DBECEE442AB9AAD70044E1ED /* Release */,
			);
			defaultConfigurationIsVisible = 0;
			defaultConfigurationName = Release;
		};
/* End XCConfigurationList section */
	};
	rootObject = DBECEE262AB9AAD50044E1ED /* Project object */;
}
